{
  "name": "steambanchecker",
  "version": "1.0.0",
  "lockfileVersion": 2,
  "requires": true,
  "packages": {
    "": {
      "name": "steambanchecker",
      "version": "1.0.0",
      "license": "ISC",
      "dependencies": {
        "steamapi": "^2.1.1"
      }
    },
    "node_modules/steamapi": {
      "version": "2.1.1",
      "resolved": "https://registry.npmjs.org/steamapi/-/steamapi-2.1.1.tgz",
      "integrity": "sha512-GkbSwk2GmtwQpYdB5Wjjt5dXANrhWct5JJnXZ1NZ6FLnb4VM0nV/H62yzruDBoAY4NlsTyYMc8fkRZMII8wGWg=="
    }
  },
  "dependencies": {
    "steamapi": {
      "version": "2.1.1",
      "resolved": "https://registry.npmjs.org/steamapi/-/steamapi-2.1.1.tgz",
      "integrity": "sha512-GkbSwk2GmtwQpYdB5Wjjt5dXANrhWct5JJnXZ1NZ6FLnb4VM0nV/H62yzruDBoAY4NlsTyYMc8fkRZMII8wGWg=="
    }
  }
}
