{
  "name": "steambanchecker",
  "version": "1.0.0",
  "lockfileVersion": 2,
  "requires": true,
  "packages": {
    "": {
      "name": "steambanchecker",
      "version": "1.0.0",
      "license": "ISC",
      "dependencies": {
        "steamapi": "^2.1.1",
        "steamidconvert": "^0.2.4"
      }
    },
    "node_modules/bignumber.js": {
      "version": "1.0.1",
      "resolved": "https://registry.npmjs.org/bignumber.js/-/bignumber.js-1.0.1.tgz",
      "integrity": "sha1-DpU4loI7eD1I6pIYhNP9kLib3LE=",
      "engines": {
        "node": "*"
      }
    },
    "node_modules/steamapi": {
      "version": "2.1.1",
      "resolved": "https://registry.npmjs.org/steamapi/-/steamapi-2.1.1.tgz",
      "integrity": "sha512-GkbSwk2GmtwQpYdB5Wjjt5dXANrhWct5JJnXZ1NZ6FLnb4VM0nV/H62yzruDBoAY4NlsTyYMc8fkRZMII8wGWg=="
    },
    "node_modules/steamidconvert": {
      "version": "0.2.4",
      "resolved": "https://registry.npmjs.org/steamidconvert/-/steamidconvert-0.2.4.tgz",
      "integrity": "sha1-5nw4X44VZCZZVIhWV71xZ1FmqpU=",
      "dependencies": {
        "bignumber.js": "1.0.x"
      }
    }
  },
  "dependencies": {
    "bignumber.js": {
      "version": "1.0.1",
      "resolved": "https://registry.npmjs.org/bignumber.js/-/bignumber.js-1.0.1.tgz",
      "integrity": "sha1-DpU4loI7eD1I6pIYhNP9kLib3LE="
    },
    "steamapi": {
      "version": "2.1.1",
      "resolved": "https://registry.npmjs.org/steamapi/-/steamapi-2.1.1.tgz",
      "integrity": "sha512-GkbSwk2GmtwQpYdB5Wjjt5dXANrhWct5JJnXZ1NZ6FLnb4VM0nV/H62yzruDBoAY4NlsTyYMc8fkRZMII8wGWg=="
    },
    "steamidconvert": {
      "version": "0.2.4",
      "resolved": "https://registry.npmjs.org/steamidconvert/-/steamidconvert-0.2.4.tgz",
      "integrity": "sha1-5nw4X44VZCZZVIhWV71xZ1FmqpU=",
      "requires": {
        "bignumber.js": "1.0.x"
      }
    }
  }
}
